// !$*UTF8*$!
{
	archiveVersion = 1;
	classes = {
	};
	objectVersion = 46;
	objects = {

/* Begin PBXBuildFile section */
		E4BF473C1A0B403200C88FEA /* main.m in Sources */ = {isa = PBXBuildFile; fileRef = E4BF473B1A0B403200C88FEA /* main.m */; };
		E4BF473F1A0B403200C88FEA /* AppDelegate.m in Sources */ = {isa = PBXBuildFile; fileRef = E4BF473E1A0B403200C88FEA /* AppDelegate.m */; };
		E4BF47421A0B403200C88FEA /* ViewController.m in Sources */ = {isa = PBXBuildFile; fileRef = E4BF47411A0B403200C88FEA /* ViewController.m */; };
		E4BF47451A0B403200C88FEA /* Main.storyboard in Resources */ = {isa = PBXBuildFile; fileRef = E4BF47431A0B403200C88FEA /* Main.storyboard */; };
		E4BF47471A0B403200C88FEA /* Images.xcassets in Resources */ = {isa = PBXBuildFile; fileRef = E4BF47461A0B403200C88FEA /* Images.xcassets */; };
		E4BF474A1A0B403200C88FEA /* LaunchScreen.xib in Resources */ = {isa = PBXBuildFile; fileRef = E4BF47481A0B403200C88FEA /* LaunchScreen.xib */; };
		E4BF47561A0B403200C88FEA /* demo_imlib_iosTests.m in Sources */ = {isa = PBXBuildFile; fileRef = E4BF47551A0B403200C88FEA /* demo_imlib_iosTests.m */; };
		E4BF477D1A0B801100C88FEA /* AudioToolbox.framework in Frameworks */ = {isa = PBXBuildFile; fileRef = E4BF477C1A0B801100C88FEA /* AudioToolbox.framework */; };
		E4BF477F1A0B801500C88FEA /* AVFoundation.framework in Frameworks */ = {isa = PBXBuildFile; fileRef = E4BF477E1A0B801500C88FEA /* AVFoundation.framework */; };
		E4BF47811A0B802D00C88FEA /* CFNetwork.framework in Frameworks */ = {isa = PBXBuildFile; fileRef = E4BF47801A0B802D00C88FEA /* CFNetwork.framework */; };
		E4BF47831A0B803400C88FEA /* CoreGraphics.framework in Frameworks */ = {isa = PBXBuildFile; fileRef = E4BF47821A0B803400C88FEA /* CoreGraphics.framework */; };
		E4BF47851A0B803C00C88FEA /* CoreTelephony.framework in Frameworks */ = {isa = PBXBuildFile; fileRef = E4BF47841A0B803C00C88FEA /* CoreTelephony.framework */; };
		E4BF47871A0B804700C88FEA /* CoreAudio.framework in Frameworks */ = {isa = PBXBuildFile; fileRef = E4BF47861A0B804700C88FEA /* CoreAudio.framework */; };
		E4BF47891A0B805100C88FEA /* CoreImage.framework in Frameworks */ = {isa = PBXBuildFile; fileRef = E4BF47881A0B805100C88FEA /* CoreImage.framework */; };
		E4BF478B1A0B805A00C88FEA /* CoreMedia.framework in Frameworks */ = {isa = PBXBuildFile; fileRef = E4BF478A1A0B805A00C88FEA /* CoreMedia.framework */; };
		E4BF478D1A0B806500C88FEA /* CoreVideo.framework in Frameworks */ = {isa = PBXBuildFile; fileRef = E4BF478C1A0B806500C88FEA /* CoreVideo.framework */; };
		E4BF478F1A0B806F00C88FEA /* Foundation.framework in Frameworks */ = {isa = PBXBuildFile; fileRef = E4BF478E1A0B806F00C88FEA /* Foundation.framework */; };
		E4BF47911A0B807E00C88FEA /* libc++.dylib in Frameworks */ = {isa = PBXBuildFile; fileRef = E4BF47901A0B807E00C88FEA /* libc++.dylib */; };
		E4BF47931A0B808700C88FEA /* libsqlite3.dylib in Frameworks */ = {isa = PBXBuildFile; fileRef = E4BF47921A0B808700C88FEA /* libsqlite3.dylib */; };
		E4BF47951A0B808F00C88FEA /* libstdc++.dylib in Frameworks */ = {isa = PBXBuildFile; fileRef = E4BF47941A0B808F00C88FEA /* libstdc++.dylib */; };
		E4BF47971A0B809700C88FEA /* libz.dylib in Frameworks */ = {isa = PBXBuildFile; fileRef = E4BF47961A0B809700C88FEA /* libz.dylib */; };
		E4BF47991A0B809F00C88FEA /* OpenGLES.framework in Frameworks */ = {isa = PBXBuildFile; fileRef = E4BF47981A0B809F00C88FEA /* OpenGLES.framework */; };
		E4BF479B1A0B80A700C88FEA /* QuartzCore.framework in Frameworks */ = {isa = PBXBuildFile; fileRef = E4BF479A1A0B80A700C88FEA /* QuartzCore.framework */; };
		E4BF479D1A0B80B100C88FEA /* SystemConfiguration.framework in Frameworks */ = {isa = PBXBuildFile; fileRef = E4BF479C1A0B80B100C88FEA /* SystemConfiguration.framework */; };
		E4BF479F1A0B80B800C88FEA /* UIKit.framework in Frameworks */ = {isa = PBXBuildFile; fileRef = E4BF479E1A0B80B800C88FEA /* UIKit.framework */; settings = {ATTRIBUTES = (Required, ); }; };
		E4BF47A11A0B840200C88FEA /* test.png in Resources */ = {isa = PBXBuildFile; fileRef = E4BF47A01A0B840200C88FEA /* test.png */; };
		E4C3313C1A0CB7E700E31B9A /* libiOS_IMLib.a in Frameworks */ = {isa = PBXBuildFile; fileRef = E4C3313B1A0CB7E700E31B9A /* libiOS_IMLib.a */; };
		E4C331401A0CCF4000E31B9A /* iOS_IMLib.a in Frameworks */ = {isa = PBXBuildFile; fileRef = E4C3313F1A0CCF4000E31B9A /* iOS_IMLib.a */; };
/* End PBXBuildFile section */

/* Begin PBXContainerItemProxy section */
		E4BF47501A0B403200C88FEA /* PBXContainerItemProxy */ = {
			isa = PBXContainerItemProxy;
			containerPortal = E4BF472E1A0B403200C88FEA /* Project object */;
			proxyType = 1;
			remoteGlobalIDString = E4BF47351A0B403200C88FEA;
			remoteInfo = "demo-imlib-ios";
		};
/* End PBXContainerItemProxy section */

/* Begin PBXFileReference section */
		E4BF47361A0B403200C88FEA /* demo-imlib-ios.app */ = {isa = PBXFileReference; explicitFileType = wrapper.application; includeInIndex = 0; path = "demo-imlib-ios.app"; sourceTree = BUILT_PRODUCTS_DIR; };
		E4BF473A1A0B403200C88FEA /* Info.plist */ = {isa = PBXFileReference; lastKnownFileType = text.plist.xml; path = Info.plist; sourceTree = "<group>"; };
		E4BF473B1A0B403200C88FEA /* main.m */ = {isa = PBXFileReference; lastKnownFileType = sourcecode.c.objc; path = main.m; sourceTree = "<group>"; };
		E4BF473D1A0B403200C88FEA /* AppDelegate.h */ = {isa = PBXFileReference; lastKnownFileType = sourcecode.c.h; path = AppDelegate.h; sourceTree = "<group>"; };
		E4BF473E1A0B403200C88FEA /* AppDelegate.m */ = {isa = PBXFileReference; lastKnownFileType = sourcecode.c.objc; path = AppDelegate.m; sourceTree = "<group>"; };
		E4BF47401A0B403200C88FEA /* ViewController.h */ = {isa = PBXFileReference; lastKnownFileType = sourcecode.c.h; path = ViewController.h; sourceTree = "<group>"; };
		E4BF47411A0B403200C88FEA /* ViewController.m */ = {isa = PBXFileReference; lastKnownFileType = sourcecode.c.objc; path = ViewController.m; sourceTree = "<group>"; };
		E4BF47441A0B403200C88FEA /* Base */ = {isa = PBXFileReference; lastKnownFileType = file.storyboard; name = Base; path = Base.lproj/Main.storyboard; sourceTree = "<group>"; };
		E4BF47461A0B403200C88FEA /* Images.xcassets */ = {isa = PBXFileReference; lastKnownFileType = folder.assetcatalog; path = Images.xcassets; sourceTree = "<group>"; };
		E4BF47491A0B403200C88FEA /* Base */ = {isa = PBXFileReference; lastKnownFileType = file.xib; name = Base; path = Base.lproj/LaunchScreen.xib; sourceTree = "<group>"; };
		E4BF474F1A0B403200C88FEA /* demo-imlib-iosTests.xctest */ = {isa = PBXFileReference; explicitFileType = wrapper.cfbundle; includeInIndex = 0; path = "demo-imlib-iosTests.xctest"; sourceTree = BUILT_PRODUCTS_DIR; };
		E4BF47541A0B403200C88FEA /* Info.plist */ = {isa = PBXFileReference; lastKnownFileType = text.plist.xml; path = Info.plist; sourceTree = "<group>"; };
		E4BF47551A0B403200C88FEA /* demo_imlib_iosTests.m */ = {isa = PBXFileReference; lastKnownFileType = sourcecode.c.objc; path = demo_imlib_iosTests.m; sourceTree = "<group>"; };
		E4BF47631A0B41F800C88FEA /* RCClientDelegate.h */ = {isa = PBXFileReference; fileEncoding = 4; lastKnownFileType = sourcecode.c.h; path = RCClientDelegate.h; sourceTree = "<group>"; };
		E4BF47641A0B41F800C88FEA /* RCConversation.h */ = {isa = PBXFileReference; fileEncoding = 4; lastKnownFileType = sourcecode.c.h; path = RCConversation.h; sourceTree = "<group>"; };
		E4BF47651A0B41F800C88FEA /* RCDiscussion.h */ = {isa = PBXFileReference; fileEncoding = 4; lastKnownFileType = sourcecode.c.h; path = RCDiscussion.h; sourceTree = "<group>"; };
		E4BF47661A0B41F800C88FEA /* RCDiscussionNotification.h */ = {isa = PBXFileReference; fileEncoding = 4; lastKnownFileType = sourcecode.c.h; path = RCDiscussionNotification.h; sourceTree = "<group>"; };
		E4BF47671A0B41F800C88FEA /* RCGroup.h */ = {isa = PBXFileReference; fileEncoding = 4; lastKnownFileType = sourcecode.c.h; path = RCGroup.h; sourceTree = "<group>"; };
		E4BF47681A0B41F800C88FEA /* RCImageMessage.h */ = {isa = PBXFileReference; fileEncoding = 4; lastKnownFileType = sourcecode.c.h; path = RCImageMessage.h; sourceTree = "<group>"; };
		E4BF47691A0B41F800C88FEA /* RCIMClient.h */ = {isa = PBXFileReference; fileEncoding = 4; lastKnownFileType = sourcecode.c.h; path = RCIMClient.h; sourceTree = "<group>"; };
		E4BF476A1A0B41F800C88FEA /* RCIMClientHeader.h */ = {isa = PBXFileReference; fileEncoding = 4; lastKnownFileType = sourcecode.c.h; path = RCIMClientHeader.h; sourceTree = "<group>"; };
		E4BF476B1A0B41F800C88FEA /* RCMessage.h */ = {isa = PBXFileReference; fileEncoding = 4; lastKnownFileType = sourcecode.c.h; path = RCMessage.h; sourceTree = "<group>"; };
		E4BF476C1A0B41F800C88FEA /* RCMessageContent.h */ = {isa = PBXFileReference; fileEncoding = 4; lastKnownFileType = sourcecode.c.h; path = RCMessageContent.h; sourceTree = "<group>"; };
		E4BF476D1A0B41F800C88FEA /* RCNotificationMessage.h */ = {isa = PBXFileReference; fileEncoding = 4; lastKnownFileType = sourcecode.c.h; path = RCNotificationMessage.h; sourceTree = "<group>"; };
		E4BF476E1A0B41F800C88FEA /* RCRichContentMessage.h */ = {isa = PBXFileReference; fileEncoding = 4; lastKnownFileType = sourcecode.c.h; path = RCRichContentMessage.h; sourceTree = "<group>"; };
		E4BF476F1A0B41F800C88FEA /* RCStatusDefine.h */ = {isa = PBXFileReference; fileEncoding = 4; lastKnownFileType = sourcecode.c.h; path = RCStatusDefine.h; sourceTree = "<group>"; };
		E4BF47701A0B41F800C88FEA /* RCTextMessage.h */ = {isa = PBXFileReference; fileEncoding = 4; lastKnownFileType = sourcecode.c.h; path = RCTextMessage.h; sourceTree = "<group>"; };
		E4BF47711A0B41F800C88FEA /* RCUserInfo.h */ = {isa = PBXFileReference; fileEncoding = 4; lastKnownFileType = sourcecode.c.h; path = RCUserInfo.h; sourceTree = "<group>"; };
		E4BF47721A0B41F800C88FEA /* RCVoiceMessage.h */ = {isa = PBXFileReference; fileEncoding = 4; lastKnownFileType = sourcecode.c.h; path = RCVoiceMessage.h; sourceTree = "<group>"; };
		E4BF477C1A0B801100C88FEA /* AudioToolbox.framework */ = {isa = PBXFileReference; lastKnownFileType = wrapper.framework; name = AudioToolbox.framework; path = System/Library/Frameworks/AudioToolbox.framework; sourceTree = SDKROOT; };
		E4BF477E1A0B801500C88FEA /* AVFoundation.framework */ = {isa = PBXFileReference; lastKnownFileType = wrapper.framework; name = AVFoundation.framework; path = System/Library/Frameworks/AVFoundation.framework; sourceTree = SDKROOT; };
		E4BF47801A0B802D00C88FEA /* CFNetwork.framework */ = {isa = PBXFileReference; lastKnownFileType = wrapper.framework; name = CFNetwork.framework; path = System/Library/Frameworks/CFNetwork.framework; sourceTree = SDKROOT; };
		E4BF47821A0B803400C88FEA /* CoreGraphics.framework */ = {isa = PBXFileReference; lastKnownFileType = wrapper.framework; name = CoreGraphics.framework; path = System/Library/Frameworks/CoreGraphics.framework; sourceTree = SDKROOT; };
		E4BF47841A0B803C00C88FEA /* CoreTelephony.framework */ = {isa = PBXFileReference; lastKnownFileType = wrapper.framework; name = CoreTelephony.framework; path = System/Library/Frameworks/CoreTelephony.framework; sourceTree = SDKROOT; };
		E4BF47861A0B804700C88FEA /* CoreAudio.framework */ = {isa = PBXFileReference; lastKnownFileType = wrapper.framework; name = CoreAudio.framework; path = System/Library/Frameworks/CoreAudio.framework; sourceTree = SDKROOT; };
		E4BF47881A0B805100C88FEA /* CoreImage.framework */ = {isa = PBXFileReference; lastKnownFileType = wrapper.framework; name = CoreImage.framework; path = System/Library/Frameworks/CoreImage.framework; sourceTree = SDKROOT; };
		E4BF478A1A0B805A00C88FEA /* CoreMedia.framework */ = {isa = PBXFileReference; lastKnownFileType = wrapper.framework; name = CoreMedia.framework; path = System/Library/Frameworks/CoreMedia.framework; sourceTree = SDKROOT; };
		E4BF478C1A0B806500C88FEA /* CoreVideo.framework */ = {isa = PBXFileReference; lastKnownFileType = wrapper.framework; name = CoreVideo.framework; path = System/Library/Frameworks/CoreVideo.framework; sourceTree = SDKROOT; };
		E4BF478E1A0B806F00C88FEA /* Foundation.framework */ = {isa = PBXFileReference; lastKnownFileType = wrapper.framework; name = Foundation.framework; path = System/Library/Frameworks/Foundation.framework; sourceTree = SDKROOT; };
		E4BF47901A0B807E00C88FEA /* libc++.dylib */ = {isa = PBXFileReference; lastKnownFileType = "compiled.mach-o.dylib"; name = "libc++.dylib"; path = "usr/lib/libc++.dylib"; sourceTree = SDKROOT; };
		E4BF47921A0B808700C88FEA /* libsqlite3.dylib */ = {isa = PBXFileReference; lastKnownFileType = "compiled.mach-o.dylib"; name = libsqlite3.dylib; path = usr/lib/libsqlite3.dylib; sourceTree = SDKROOT; };
		E4BF47941A0B808F00C88FEA /* libstdc++.dylib */ = {isa = PBXFileReference; lastKnownFileType = "compiled.mach-o.dylib"; name = "libstdc++.dylib"; path = "usr/lib/libstdc++.dylib"; sourceTree = SDKROOT; };
		E4BF47961A0B809700C88FEA /* libz.dylib */ = {isa = PBXFileReference; lastKnownFileType = "compiled.mach-o.dylib"; name = libz.dylib; path = usr/lib/libz.dylib; sourceTree = SDKROOT; };
		E4BF47981A0B809F00C88FEA /* OpenGLES.framework */ = {isa = PBXFileReference; lastKnownFileType = wrapper.framework; name = OpenGLES.framework; path = System/Library/Frameworks/OpenGLES.framework; sourceTree = SDKROOT; };
		E4BF479A1A0B80A700C88FEA /* QuartzCore.framework */ = {isa = PBXFileReference; lastKnownFileType = wrapper.framework; name = QuartzCore.framework; path = System/Library/Frameworks/QuartzCore.framework; sourceTree = SDKROOT; };
		E4BF479C1A0B80B100C88FEA /* SystemConfiguration.framework */ = {isa = PBXFileReference; lastKnownFileType = wrapper.framework; name = SystemConfiguration.framework; path = System/Library/Frameworks/SystemConfiguration.framework; sourceTree = SDKROOT; };
		E4BF479E1A0B80B800C88FEA /* UIKit.framework */ = {isa = PBXFileReference; lastKnownFileType = wrapper.framework; name = UIKit.framework; path = System/Library/Frameworks/UIKit.framework; sourceTree = SDKROOT; };
		E4BF47A01A0B840200C88FEA /* test.png */ = {isa = PBXFileReference; lastKnownFileType = image.png; path = test.png; sourceTree = "<group>"; };
		E4C3313B1A0CB7E700E31B9A /* libiOS_IMLib.a */ = {isa = PBXFileReference; lastKnownFileType = archive.ar; name = libiOS_IMLib.a; path = "../../../../Library/Developer/Xcode/DerivedData/rcim-v1-dbccqophhzmosefoxdgiqyuedoam/Build/Products/Debug-iphoneos/libiOS_IMLib.a"; sourceTree = "<group>"; };
		E4C3313F1A0CCF4000E31B9A /* iOS_IMLib.a */ = {isa = PBXFileReference; lastKnownFileType = archive.ar; path = iOS_IMLib.a; sourceTree = "<group>"; };
/* End PBXFileReference section */

/* Begin PBXFrameworksBuildPhase section */
		E4BF47331A0B403200C88FEA /* Frameworks */ = {
			isa = PBXFrameworksBuildPhase;
			buildActionMask = 2147483647;
			files = (
				E4C3313C1A0CB7E700E31B9A /* libiOS_IMLib.a in Frameworks */,
				E4BF479F1A0B80B800C88FEA /* UIKit.framework in Frameworks */,
				E4BF479D1A0B80B100C88FEA /* SystemConfiguration.framework in Frameworks */,
				E4BF479B1A0B80A700C88FEA /* QuartzCore.framework in Frameworks */,
				E4BF47991A0B809F00C88FEA /* OpenGLES.framework in Frameworks */,
				E4BF47971A0B809700C88FEA /* libz.dylib in Frameworks */,
				E4BF47951A0B808F00C88FEA /* libstdc++.dylib in Frameworks */,
				E4BF47931A0B808700C88FEA /* libsqlite3.dylib in Frameworks */,
				E4BF47911A0B807E00C88FEA /* libc++.dylib in Frameworks */,
				E4BF478F1A0B806F00C88FEA /* Foundation.framework in Frameworks */,
				E4BF478D1A0B806500C88FEA /* CoreVideo.framework in Frameworks */,
				E4BF478B1A0B805A00C88FEA /* CoreMedia.framework in Frameworks */,
				E4BF47891A0B805100C88FEA /* CoreImage.framework in Frameworks */,
				E4BF47871A0B804700C88FEA /* CoreAudio.framework in Frameworks */,
				E4BF47851A0B803C00C88FEA /* CoreTelephony.framework in Frameworks */,
				E4BF47831A0B803400C88FEA /* CoreGraphics.framework in Frameworks */,
				E4BF47811A0B802D00C88FEA /* CFNetwork.framework in Frameworks */,
				E4C331401A0CCF4000E31B9A /* iOS_IMLib.a in Frameworks */,
				E4BF477F1A0B801500C88FEA /* AVFoundation.framework in Frameworks */,
				E4BF477D1A0B801100C88FEA /* AudioToolbox.framework in Frameworks */,
			);
			runOnlyForDeploymentPostprocessing = 0;
		};
		E4BF474C1A0B403200C88FEA /* Frameworks */ = {
			isa = PBXFrameworksBuildPhase;
			buildActionMask = 2147483647;
			files = (
			);
			runOnlyForDeploymentPostprocessing = 0;
		};
/* End PBXFrameworksBuildPhase section */

/* Begin PBXGroup section */
		E4BF472D1A0B403200C88FEA = {
			isa = PBXGroup;
			children = (
				E4BF47381A0B403200C88FEA /* demo-imlib-ios */,
				E4BF47771A0B7F8C00C88FEA /* Frameworks */,
				E4BF47521A0B403200C88FEA /* demo-imlib-iosTests */,
				E4BF47371A0B403200C88FEA /* Products */,
			);
			sourceTree = "<group>";
		};
		E4BF47371A0B403200C88FEA /* Products */ = {
			isa = PBXGroup;
			children = (
				E4BF47361A0B403200C88FEA /* demo-imlib-ios.app */,
				E4BF474F1A0B403200C88FEA /* demo-imlib-iosTests.xctest */,
			);
			name = Products;
			sourceTree = "<group>";
		};
		E4BF47381A0B403200C88FEA /* demo-imlib-ios */ = {
			isa = PBXGroup;
			children = (
				E4BF475F1A0B404900C88FEA /* Utilities */,
				E4BF473D1A0B403200C88FEA /* AppDelegate.h */,
				E4BF473E1A0B403200C88FEA /* AppDelegate.m */,
				E4BF47401A0B403200C88FEA /* ViewController.h */,
				E4BF47411A0B403200C88FEA /* ViewController.m */,
				E4BF47431A0B403200C88FEA /* Main.storyboard */,
				E4BF47461A0B403200C88FEA /* Images.xcassets */,
				E4BF47481A0B403200C88FEA /* LaunchScreen.xib */,
				E4BF47391A0B403200C88FEA /* Supporting Files */,
			);
			path = "demo-imlib-ios";
			sourceTree = "<group>";
		};
		E4BF47391A0B403200C88FEA /* Supporting Files */ = {
			isa = PBXGroup;
			children = (
				E4BF473A1A0B403200C88FEA /* Info.plist */,
				E4BF473B1A0B403200C88FEA /* main.m */,
			);
			name = "Supporting Files";
			sourceTree = "<group>";
		};
		E4BF47521A0B403200C88FEA /* demo-imlib-iosTests */ = {
			isa = PBXGroup;
			children = (
				E4BF47551A0B403200C88FEA /* demo_imlib_iosTests.m */,
				E4BF47531A0B403200C88FEA /* Supporting Files */,
			);
			path = "demo-imlib-iosTests";
			sourceTree = "<group>";
		};
		E4BF47531A0B403200C88FEA /* Supporting Files */ = {
			isa = PBXGroup;
			children = (
				E4BF47541A0B403200C88FEA /* Info.plist */,
			);
			name = "Supporting Files";
			sourceTree = "<group>";
		};
		E4BF475F1A0B404900C88FEA /* Utilities */ = {
			isa = PBXGroup;
			children = (
				E4BF47A01A0B840200C88FEA /* test.png */,
				E4BF47601A0B41F800C88FEA /* imlib */,
			);
			name = Utilities;
			sourceTree = "<group>";
		};
		E4BF47601A0B41F800C88FEA /* imlib */ = {
			isa = PBXGroup;
			children = (
				E4C3313F1A0CCF4000E31B9A /* iOS_IMLib.a */,
				E4BF47611A0B41F800C88FEA /* Headers */,
			);
			path = imlib;
			sourceTree = "<group>";
		};
		E4BF47611A0B41F800C88FEA /* Headers */ = {
			isa = PBXGroup;
			children = (
				E4BF47621A0B41F800C88FEA /* iOS_IMLib */,
			);
			path = Headers;
			sourceTree = "<group>";
		};
		E4BF47621A0B41F800C88FEA /* iOS_IMLib */ = {
			isa = PBXGroup;
			children = (
				E4BF47631A0B41F800C88FEA /* RCClientDelegate.h */,
				E4BF47641A0B41F800C88FEA /* RCConversation.h */,
				E4BF47651A0B41F800C88FEA /* RCDiscussion.h */,
				E4BF47661A0B41F800C88FEA /* RCDiscussionNotification.h */,
				E4BF47671A0B41F800C88FEA /* RCGroup.h */,
				E4BF47681A0B41F800C88FEA /* RCImageMessage.h */,
				E4BF47691A0B41F800C88FEA /* RCIMClient.h */,
				E4BF476A1A0B41F800C88FEA /* RCIMClientHeader.h */,
				E4BF476B1A0B41F800C88FEA /* RCMessage.h */,
				E4BF476C1A0B41F800C88FEA /* RCMessageContent.h */,
				E4BF476D1A0B41F800C88FEA /* RCNotificationMessage.h */,
				E4BF476E1A0B41F800C88FEA /* RCRichContentMessage.h */,
				E4BF476F1A0B41F800C88FEA /* RCStatusDefine.h */,
				E4BF47701A0B41F800C88FEA /* RCTextMessage.h */,
				E4BF47711A0B41F800C88FEA /* RCUserInfo.h */,
				E4BF47721A0B41F800C88FEA /* RCVoiceMessage.h */,
			);
			path = iOS_IMLib;
			sourceTree = "<group>";
		};
		E4BF47771A0B7F8C00C88FEA /* Frameworks */ = {
			isa = PBXGroup;
			children = (
				E4C3313B1A0CB7E700E31B9A /* libiOS_IMLib.a */,
				E4BF479E1A0B80B800C88FEA /* UIKit.framework */,
				E4BF479C1A0B80B100C88FEA /* SystemConfiguration.framework */,
				E4BF479A1A0B80A700C88FEA /* QuartzCore.framework */,
				E4BF47981A0B809F00C88FEA /* OpenGLES.framework */,
				E4BF47961A0B809700C88FEA /* libz.dylib */,
				E4BF47941A0B808F00C88FEA /* libstdc++.dylib */,
				E4BF47921A0B808700C88FEA /* libsqlite3.dylib */,
				E4BF47901A0B807E00C88FEA /* libc++.dylib */,
				E4BF478E1A0B806F00C88FEA /* Foundation.framework */,
				E4BF478C1A0B806500C88FEA /* CoreVideo.framework */,
				E4BF478A1A0B805A00C88FEA /* CoreMedia.framework */,
				E4BF47881A0B805100C88FEA /* CoreImage.framework */,
				E4BF47861A0B804700C88FEA /* CoreAudio.framework */,
				E4BF47841A0B803C00C88FEA /* CoreTelephony.framework */,
				E4BF47821A0B803400C88FEA /* CoreGraphics.framework */,
				E4BF47801A0B802D00C88FEA /* CFNetwork.framework */,
				E4BF477E1A0B801500C88FEA /* AVFoundation.framework */,
				E4BF477C1A0B801100C88FEA /* AudioToolbox.framework */,
			);
			name = Frameworks;
			path = "demo-imlib-ios";
			sourceTree = "<group>";
		};
/* End PBXGroup section */

/* Begin PBXNativeTarget section */
		E4BF47351A0B403200C88FEA /* demo-imlib-ios */ = {
			isa = PBXNativeTarget;
			buildConfigurationList = E4BF47591A0B403200C88FEA /* Build configuration list for PBXNativeTarget "demo-imlib-ios" */;
			buildPhases = (
				E4BF47321A0B403200C88FEA /* Sources */,
				E4BF47331A0B403200C88FEA /* Frameworks */,
				E4BF47341A0B403200C88FEA /* Resources */,
			);
			buildRules = (
			);
			dependencies = (
			);
			name = "demo-imlib-ios";
			productName = "demo-imlib-ios";
			productReference = E4BF47361A0B403200C88FEA /* demo-imlib-ios.app */;
			productType = "com.apple.product-type.application";
		};
		E4BF474E1A0B403200C88FEA /* demo-imlib-iosTests */ = {
			isa = PBXNativeTarget;
			buildConfigurationList = E4BF475C1A0B403200C88FEA /* Build configuration list for PBXNativeTarget "demo-imlib-iosTests" */;
			buildPhases = (
				E4BF474B1A0B403200C88FEA /* Sources */,
				E4BF474C1A0B403200C88FEA /* Frameworks */,
				E4BF474D1A0B403200C88FEA /* Resources */,
			);
			buildRules = (
			);
			dependencies = (
				E4BF47511A0B403200C88FEA /* PBXTargetDependency */,
			);
			name = "demo-imlib-iosTests";
			productName = "demo-imlib-iosTests";
			productReference = E4BF474F1A0B403200C88FEA /* demo-imlib-iosTests.xctest */;
			productType = "com.apple.product-type.bundle.unit-test";
		};
/* End PBXNativeTarget section */

/* Begin PBXProject section */
		E4BF472E1A0B403200C88FEA /* Project object */ = {
			isa = PBXProject;
			attributes = {
				LastUpgradeCheck = 0610;
				ORGANIZATIONNAME = "胡利武";
				TargetAttributes = {
					E4BF47351A0B403200C88FEA = {
						CreatedOnToolsVersion = 6.1;
					};
					E4BF474E1A0B403200C88FEA = {
						CreatedOnToolsVersion = 6.1;
						TestTargetID = E4BF47351A0B403200C88FEA;
					};
				};
			};
			buildConfigurationList = E4BF47311A0B403200C88FEA /* Build configuration list for PBXProject "demo-imlib-ios" */;
			compatibilityVersion = "Xcode 3.2";
			developmentRegion = English;
			hasScannedForEncodings = 0;
			knownRegions = (
				en,
				Base,
			);
			mainGroup = E4BF472D1A0B403200C88FEA;
			productRefGroup = E4BF47371A0B403200C88FEA /* Products */;
			projectDirPath = "";
			projectRoot = "";
			targets = (
				E4BF47351A0B403200C88FEA /* demo-imlib-ios */,
				E4BF474E1A0B403200C88FEA /* demo-imlib-iosTests */,
			);
		};
/* End PBXProject section */

/* Begin PBXResourcesBuildPhase section */
		E4BF47341A0B403200C88FEA /* Resources */ = {
			isa = PBXResourcesBuildPhase;
			buildActionMask = 2147483647;
			files = (
				E4BF47451A0B403200C88FEA /* Main.storyboard in Resources */,
				E4BF47A11A0B840200C88FEA /* test.png in Resources */,
				E4BF474A1A0B403200C88FEA /* LaunchScreen.xib in Resources */,
				E4BF47471A0B403200C88FEA /* Images.xcassets in Resources */,
			);
			runOnlyForDeploymentPostprocessing = 0;
		};
		E4BF474D1A0B403200C88FEA /* Resources */ = {
			isa = PBXResourcesBuildPhase;
			buildActionMask = 2147483647;
			files = (
			);
			runOnlyForDeploymentPostprocessing = 0;
		};
/* End PBXResourcesBuildPhase section */

/* Begin PBXSourcesBuildPhase section */
		E4BF47321A0B403200C88FEA /* Sources */ = {
			isa = PBXSourcesBuildPhase;
			buildActionMask = 2147483647;
			files = (
				E4BF47421A0B403200C88FEA /* ViewController.m in Sources */,
				E4BF473F1A0B403200C88FEA /* AppDelegate.m in Sources */,
				E4BF473C1A0B403200C88FEA /* main.m in Sources */,
			);
			runOnlyForDeploymentPostprocessing = 0;
		};
		E4BF474B1A0B403200C88FEA /* Sources */ = {
			isa = PBXSourcesBuildPhase;
			buildActionMask = 2147483647;
			files = (
				E4BF47561A0B403200C88FEA /* demo_imlib_iosTests.m in Sources */,
			);
			runOnlyForDeploymentPostprocessing = 0;
		};
/* End PBXSourcesBuildPhase section */

/* Begin PBXTargetDependency section */
		E4BF47511A0B403200C88FEA /* PBXTargetDependency */ = {
			isa = PBXTargetDependency;
			target = E4BF47351A0B403200C88FEA /* demo-imlib-ios */;
			targetProxy = E4BF47501A0B403200C88FEA /* PBXContainerItemProxy */;
		};
/* End PBXTargetDependency section */

/* Begin PBXVariantGroup section */
		E4BF47431A0B403200C88FEA /* Main.storyboard */ = {
			isa = PBXVariantGroup;
			children = (
				E4BF47441A0B403200C88FEA /* Base */,
			);
			name = Main.storyboard;
			sourceTree = "<group>";
		};
		E4BF47481A0B403200C88FEA /* LaunchScreen.xib */ = {
			isa = PBXVariantGroup;
			children = (
				E4BF47491A0B403200C88FEA /* Base */,
			);
			name = LaunchScreen.xib;
			sourceTree = "<group>";
		};
/* End PBXVariantGroup section */

/* Begin XCBuildConfiguration section */
		E4BF47571A0B403200C88FEA /* Debug */ = {
			isa = XCBuildConfiguration;
			buildSettings = {
				ALWAYS_SEARCH_USER_PATHS = NO;
				CLANG_CXX_LANGUAGE_STANDARD = "gnu++0x";
				CLANG_CXX_LIBRARY = "libc++";
				CLANG_ENABLE_MODULES = YES;
				CLANG_ENABLE_OBJC_ARC = YES;
				CLANG_WARN_BOOL_CONVERSION = YES;
				CLANG_WARN_CONSTANT_CONVERSION = YES;
				CLANG_WARN_DIRECT_OBJC_ISA_USAGE = YES_ERROR;
				CLANG_WARN_EMPTY_BODY = YES;
				CLANG_WARN_ENUM_CONVERSION = YES;
				CLANG_WARN_INT_CONVERSION = YES;
				CLANG_WARN_OBJC_ROOT_CLASS = YES_ERROR;
				CLANG_WARN_UNREACHABLE_CODE = YES;
				CLANG_WARN__DUPLICATE_METHOD_MATCH = YES;
				"CODE_SIGN_IDENTITY[sdk=iphoneos*]" = "iPhone Developer";
				COPY_PHASE_STRIP = NO;
				ENABLE_STRICT_OBJC_MSGSEND = YES;
				GCC_C_LANGUAGE_STANDARD = gnu99;
				GCC_DYNAMIC_NO_PIC = NO;
				GCC_OPTIMIZATION_LEVEL = 0;
				GCC_PREPROCESSOR_DEFINITIONS = (
					"DEBUG=1",
					"$(inherited)",
				);
				GCC_SYMBOLS_PRIVATE_EXTERN = NO;
				GCC_WARN_64_TO_32_BIT_CONVERSION = YES;
				GCC_WARN_ABOUT_RETURN_TYPE = YES_ERROR;
				GCC_WARN_UNDECLARED_SELECTOR = YES;
				GCC_WARN_UNINITIALIZED_AUTOS = YES_AGGRESSIVE;
				GCC_WARN_UNUSED_FUNCTION = YES;
				GCC_WARN_UNUSED_VARIABLE = YES;
				IPHONEOS_DEPLOYMENT_TARGET = 8.1;
				MTL_ENABLE_DEBUG_INFO = YES;
				ONLY_ACTIVE_ARCH = YES;
				SDKROOT = iphoneos;
				TARGETED_DEVICE_FAMILY = "1,2";
			};
			name = Debug;
		};
		E4BF47581A0B403200C88FEA /* Release */ = {
			isa = XCBuildConfiguration;
			buildSettings = {
				ALWAYS_SEARCH_USER_PATHS = NO;
				CLANG_CXX_LANGUAGE_STANDARD = "gnu++0x";
				CLANG_CXX_LIBRARY = "libc++";
				CLANG_ENABLE_MODULES = YES;
				CLANG_ENABLE_OBJC_ARC = YES;
				CLANG_WARN_BOOL_CONVERSION = YES;
				CLANG_WARN_CONSTANT_CONVERSION = YES;
				CLANG_WARN_DIRECT_OBJC_ISA_USAGE = YES_ERROR;
				CLANG_WARN_EMPTY_BODY = YES;
				CLANG_WARN_ENUM_CONVERSION = YES;
				CLANG_WARN_INT_CONVERSION = YES;
				CLANG_WARN_OBJC_ROOT_CLASS = YES_ERROR;
				CLANG_WARN_UNREACHABLE_CODE = YES;
				CLANG_WARN__DUPLICATE_METHOD_MATCH = YES;
				"CODE_SIGN_IDENTITY[sdk=iphoneos*]" = "iPhone Developer";
				COPY_PHASE_STRIP = YES;
				ENABLE_NS_ASSERTIONS = NO;
				ENABLE_STRICT_OBJC_MSGSEND = YES;
				GCC_C_LANGUAGE_STANDARD = gnu99;
				GCC_WARN_64_TO_32_BIT_CONVERSION = YES;
				GCC_WARN_ABOUT_RETURN_TYPE = YES_ERROR;
				GCC_WARN_UNDECLARED_SELECTOR = YES;
				GCC_WARN_UNINITIALIZED_AUTOS = YES_AGGRESSIVE;
				GCC_WARN_UNUSED_FUNCTION = YES;
				GCC_WARN_UNUSED_VARIABLE = YES;
				IPHONEOS_DEPLOYMENT_TARGET = 8.1;
				MTL_ENABLE_DEBUG_INFO = NO;
				SDKROOT = iphoneos;
				TARGETED_DEVICE_FAMILY = "1,2";
				VALIDATE_PRODUCT = YES;
			};
			name = Release;
		};
		E4BF475A1A0B403200C88FEA /* Debug */ = {
			isa = XCBuildConfiguration;
			buildSettings = {
				ASSETCATALOG_COMPILER_APPICON_NAME = AppIcon;
				CODE_SIGN_IDENTITY = "iPhone Developer: Heq. Shinoda (FE84G45QR6)";
				INFOPLIST_FILE = "demo-imlib-ios/Info.plist";
				LD_RUNPATH_SEARCH_PATHS = "$(inherited) @executable_path/Frameworks";
				LIBRARY_SEARCH_PATHS = (
					"$(inherited)",
					"$(PROJECT_DIR)/demo-imlib-ios/imlib",
					"$(PROJECT_DIR)/demo-imlib-ios/imlib/Headers",
					"$(USER_LIBRARY_DIR)/Developer/Xcode/DerivedData/rcim-v1-dbccqophhzmosefoxdgiqyuedoam/Build/Products/Debug-iphoneos",
				);
				PRODUCT_NAME = "$(TARGET_NAME)";
				PROVISIONING_PROFILE = "bedc328a-0c0d-4182-92bc-0e9e5e744849";
			};
			name = Debug;
		};
		E4BF475B1A0B403200C88FEA /* Release */ = {
			isa = XCBuildConfiguration;
			buildSettings = {
				ASSETCATALOG_COMPILER_APPICON_NAME = AppIcon;
				CODE_SIGN_IDENTITY = "";
				INFOPLIST_FILE = "demo-imlib-ios/Info.plist";
				LD_RUNPATH_SEARCH_PATHS = "$(inherited) @executable_path/Frameworks";
				LIBRARY_SEARCH_PATHS = (
					"$(inherited)",
					"$(PROJECT_DIR)/demo-imlib-ios/imlib",
					"$(PROJECT_DIR)/demo-imlib-ios/imlib/Headers",
					"$(USER_LIBRARY_DIR)/Developer/Xcode/DerivedData/rcim-v1-dbccqophhzmosefoxdgiqyuedoam/Build/Products/Debug-iphoneos",
				);
				PRODUCT_NAME = "$(TARGET_NAME)";
				PROVISIONING_PROFILE = "bedc328a-0c0d-4182-92bc-0e9e5e744849";
			};
			name = Release;
		};
		E4BF475D1A0B403200C88FEA /* Debug */ = {
			isa = XCBuildConfiguration;
			buildSettings = {
				BUNDLE_LOADER = "$(TEST_HOST)";
				FRAMEWORK_SEARCH_PATHS = (
					"$(SDKROOT)/Developer/Library/Frameworks",
					"$(inherited)",
				);
				GCC_PREPROCESSOR_DEFINITIONS = (
					"DEBUG=1",
					"$(inherited)",
				);
				INFOPLIST_FILE = "demo-imlib-iosTests/Info.plist";
				LD_RUNPATH_SEARCH_PATHS = "$(inherited) @executable_path/Frameworks @loader_path/Frameworks";
				PRODUCT_NAME = "$(TARGET_NAME)";
				TEST_HOST = "$(BUILT_PRODUCTS_DIR)/demo-imlib-ios.app/demo-imlib-ios";
			};
			name = Debug;
		};
		E4BF475E1A0B403200C88FEA /* Release */ = {
			isa = XCBuildConfiguration;
			buildSettings = {
				BUNDLE_LOADER = "$(TEST_HOST)";
				FRAMEWORK_SEARCH_PATHS = (
					"$(SDKROOT)/Developer/Library/Frameworks",
					"$(inherited)",
				);
				INFOPLIST_FILE = "demo-imlib-iosTests/Info.plist";
				LD_RUNPATH_SEARCH_PATHS = "$(inherited) @executable_path/Frameworks @loader_path/Frameworks";
				PRODUCT_NAME = "$(TARGET_NAME)";
				TEST_HOST = "$(BUILT_PRODUCTS_DIR)/demo-imlib-ios.app/demo-imlib-ios";
			};
			name = Release;
		};
/* End XCBuildConfiguration section */

/* Begin XCConfigurationList section */
		E4BF47311A0B403200C88FEA /* Build configuration list for PBXProject "demo-imlib-ios" */ = {
			isa = XCConfigurationList;
			buildConfigurations = (
				E4BF47571A0B403200C88FEA /* Debug */,
				E4BF47581A0B403200C88FEA /* Release */,
			);
			defaultConfigurationIsVisible = 0;
			defaultConfigurationName = Release;
		};
		E4BF47591A0B403200C88FEA /* Build configuration list for PBXNativeTarget "demo-imlib-ios" */ = {
			isa = XCConfigurationList;
			buildConfigurations = (
				E4BF475A1A0B403200C88FEA /* Debug */,
				E4BF475B1A0B403200C88FEA /* Release */,
			);
			defaultConfigurationIsVisible = 0;
			defaultConfigurationName = Release;
		};
		E4BF475C1A0B403200C88FEA /* Build configuration list for PBXNativeTarget "demo-imlib-iosTests" */ = {
			isa = XCConfigurationList;
			buildConfigurations = (
				E4BF475D1A0B403200C88FEA /* Debug */,
				E4BF475E1A0B403200C88FEA /* Release */,
			);
			defaultConfigurationIsVisible = 0;
			defaultConfigurationName = Release;
		};
/* End XCConfigurationList section */
	};
	rootObject = E4BF472E1A0B403200C88FEA /* Project object */;
}
